
Microsoft Visual Studio Solution File, Format Version 11.00
# Visual Studio 2010
Project("{FAE04EC0-301F-11D3-BF4B-00C04F79EFBC}") = "PArticulo", "PArticulo\PArticulo.csproj", "{C017561E-78D1-4C2B-A017-137037A9CC8C}"
EndProject
Global
	GlobalSection(SolutionConfigurationPlatforms) = preSolution
		Debug|x86 = Debug|x86
		Release|x86 = Release|x86
	EndGlobalSection
	GlobalSection(ProjectConfigurationPlatforms) = postSolution
		{C017561E-78D1-4C2B-A017-137037A9CC8C}.Debug|x86.ActiveCfg = Debug|x86
		{C017561E-78D1-4C2B-A017-137037A9CC8C}.Debug|x86.Build.0 = Debug|x86
		{C017561E-78D1-4C2B-A017-137037A9CC8C}.Release|x86.ActiveCfg = Release|x86
		{C017561E-78D1-4C2B-A017-137037A9CC8C}.Release|x86.Build.0 = Release|x86
	EndGlobalSection
	GlobalSection(MonoDevelopProperties) = preSolution
		StartupItem = PArticulo\PArticulo.csproj
	EndGlobalSection
EndGlobal
